
Microsoft Visual Studio Solution File, Format Version 12.00
# Visual Studio Version 17
VisualStudioVersion = 17.14.36915.13 d17.14
MinimumVisualStudioVersion = 10.0.40219.1
Project("{FAE04EC0-301F-11D3-BF4B-00C04F79EFBC}") = "IPB2.ApiDreamDictionary", "IPB2.ApiDreamDictionary\IPB2.ApiDreamDictionary.csproj", "{A5FBD26D-03CC-49EB-8D95-F7C9016E4CD4}"
EndProject
Project("{FAE04EC0-301F-11D3-BF4B-00C04F79EFBC}") = "ConsoleDreamJson", "ConsoleDreamJson\ConsoleDreamJson.csproj", "{86B838EC-4307-485A-B3FA-AB26FAC90FBF}"
EndProject
Project("{FAE04EC0-301F-11D3-BF4B-00C04F79EFBC}") = "IPB2.ApiDreamDictionary.Database", "IPB2.ApiDreamDictionary.Database\IPB2.ApiDreamDictionary.Database.csproj", "{3CEE1C2E-9EE7-44AF-A980-49BAD88A6AD4}"
EndProject
Global
	GlobalSection(SolutionConfigurationPlatforms) = preSolution
		Debug|Any CPU = Debug|Any CPU
		Release|Any CPU = Release|Any CPU
	EndGlobalSection
	GlobalSection(ProjectConfigurationPlatforms) = postSolution
		{A5FBD26D-03CC-49EB-8D95-F7C9016E4CD4}.Debug|Any CPU.ActiveCfg = Debug|Any CPU
		{A5FBD26D-03CC-49EB-8D95-F7C9016E4CD4}.Debug|Any CPU.Build.0 = Debug|Any CPU
		{A5FBD26D-03CC-49EB-8D95-F7C9016E4CD4}.Release|Any CPU.ActiveCfg = Release|Any CPU
		{A5FBD26D-03CC-49EB-8D95-F7C9016E4CD4}.Release|Any CPU.Build.0 = Release|Any CPU
		{86B838EC-4307-485A-B3FA-AB26FAC90FBF}.Debug|Any CPU.ActiveCfg = Debug|Any CPU
		{86B838EC-4307-485A-B3FA-AB26FAC90FBF}.Debug|Any CPU.Build.0 = Debug|Any CPU
		{86B838EC-4307-485A-B3FA-AB26FAC90FBF}.Release|Any CPU.ActiveCfg = Release|Any CPU
		{86B838EC-4307-485A-B3FA-AB26FAC90FBF}.Release|Any CPU.Build.0 = Release|Any CPU
		{3CEE1C2E-9EE7-44AF-A980-49BAD88A6AD4}.Debug|Any CPU.ActiveCfg = Debug|Any CPU
		{3CEE1C2E-9EE7-44AF-A980-49BAD88A6AD4}.Debug|Any CPU.Build.0 = Debug|Any CPU
		{3CEE1C2E-9EE7-44AF-A980-49BAD88A6AD4}.Release|Any CPU.ActiveCfg = Release|Any CPU
		{3CEE1C2E-9EE7-44AF-A980-49BAD88A6AD4}.Release|Any CPU.Build.0 = Release|Any CPU
	EndGlobalSection
	GlobalSection(SolutionProperties) = preSolution
		HideSolutionNode = FALSE
	EndGlobalSection
	GlobalSection(ExtensibilityGlobals) = postSolution
		SolutionGuid = {E7AFB2AC-5FB5-4ED3-9AD4-FFEF077A895B}
	EndGlobalSection
EndGlobal
